github.com/influxdata/influxdb1-client v0.0.0-20200827194710-b269163b24ab h1:HqW4xhhynfjrtEiiSGcQUd6vrK23iMam1FO8rI7mwig=
github.com/influxdata/influxdb1-client v0.0.0-20200827194710-b269163b24ab/go.mod h1:qj24IKcXYK6Iy9ceXlo3Tc+vtHo9lIhSX5JddghvEPo=
github.com/pkg/errors v0.9.1 h1:FEBLx1zS214owpjy7qsBeixbURkuhQAwrK5UwLGTwt4=
github.com/pkg/errors v0.9.1/go.mod h1:bwawxfHBFNV+L2hUp1rHADufV3IMtnDRdf1r5NINEl0=
